
Microsoft Visual Studio Solution File, Format Version 11.00
# Visual Web Developer Express 2010
Project("{FAE04EC0-301F-11D3-BF4B-00C04F79EFBC}") = "SIC.UserLayer", "SIC.UserLayer\SIC.UserLayer.csproj", "{B59D9C5D-7765-4C16-AFA3-856E446B3223}"
EndProject
Project("{FAE04EC0-301F-11D3-BF4B-00C04F79EFBC}") = "SIC.EntityLayer", "SIC.EntityLayer\SIC.EntityLayer.csproj", "{975FB244-7E0D-47A8-8FB3-9E05C4DE911E}"
EndProject
Project("{FAE04EC0-301F-11D3-BF4B-00C04F79EFBC}") = "SIC.UIGeneral", "SIC.UIGeneral\SIC.UIGeneral.csproj", "{98BFAEA2-45F4-4D55-A6E2-C39D63AC6CB2}"
EndProject
Project("{FAE04EC0-301F-11D3-BF4B-00C04F79EFBC}") = "SIC.DataLayer", "SIC.DataLayer\SIC.DataLayer.csproj", "{C80F897F-7319-48CB-AD65-94151C01F4B2}"
EndProject
Project("{FAE04EC0-301F-11D3-BF4B-00C04F79EFBC}") = "SIC.BusinessLayer", "SIC.BusinessLayer\SIC.BusinessLayer.csproj", "{2CE75AD3-7C7A-4421-94F9-89D2B5D4154F}"
EndProject
Project("{FAE04EC0-301F-11D3-BF4B-00C04F79EFBC}") = "SIC.Data", "SIC.Data\SIC.Data.csproj", "{7255AF3B-02A4-40B9-BB04-D2B7F9C69443}"
EndProject
Project("{FAE04EC0-301F-11D3-BF4B-00C04F79EFBC}") = "BL_NUnit", "BL_NUnit\BL_NUnit.csproj", "{FEE802C0-5EEA-46AE-87D2-CE60A0FAA588}"
EndProject
Global
	GlobalSection(SolutionConfigurationPlatforms) = preSolution
		Debug|Any CPU = Debug|Any CPU
		Release|Any CPU = Release|Any CPU
	EndGlobalSection
	GlobalSection(ProjectConfigurationPlatforms) = postSolution
		{B59D9C5D-7765-4C16-AFA3-856E446B3223}.Debug|Any CPU.ActiveCfg = Debug|Any CPU
		{B59D9C5D-7765-4C16-AFA3-856E446B3223}.Debug|Any CPU.Build.0 = Debug|Any CPU
		{B59D9C5D-7765-4C16-AFA3-856E446B3223}.Release|Any CPU.ActiveCfg = Release|Any CPU
		{B59D9C5D-7765-4C16-AFA3-856E446B3223}.Release|Any CPU.Build.0 = Release|Any CPU
		{975FB244-7E0D-47A8-8FB3-9E05C4DE911E}.Debug|Any CPU.ActiveCfg = Release|Any CPU
		{975FB244-7E0D-47A8-8FB3-9E05C4DE911E}.Debug|Any CPU.Build.0 = Release|Any CPU
		{975FB244-7E0D-47A8-8FB3-9E05C4DE911E}.Release|Any CPU.ActiveCfg = Release|Any CPU
		{975FB244-7E0D-47A8-8FB3-9E05C4DE911E}.Release|Any CPU.Build.0 = Release|Any CPU
		{98BFAEA2-45F4-4D55-A6E2-C39D63AC6CB2}.Debug|Any CPU.ActiveCfg = Release|Any CPU
		{98BFAEA2-45F4-4D55-A6E2-C39D63AC6CB2}.Debug|Any CPU.Build.0 = Release|Any CPU
		{98BFAEA2-45F4-4D55-A6E2-C39D63AC6CB2}.Release|Any CPU.ActiveCfg = Release|Any CPU
		{98BFAEA2-45F4-4D55-A6E2-C39D63AC6CB2}.Release|Any CPU.Build.0 = Release|Any CPU
		{C80F897F-7319-48CB-AD65-94151C01F4B2}.Debug|Any CPU.ActiveCfg = Release|Any CPU
		{C80F897F-7319-48CB-AD65-94151C01F4B2}.Debug|Any CPU.Build.0 = Release|Any CPU
		{C80F897F-7319-48CB-AD65-94151C01F4B2}.Release|Any CPU.ActiveCfg = Release|Any CPU
		{C80F897F-7319-48CB-AD65-94151C01F4B2}.Release|Any CPU.Build.0 = Release|Any CPU
		{2CE75AD3-7C7A-4421-94F9-89D2B5D4154F}.Debug|Any CPU.ActiveCfg = Release|Any CPU
		{2CE75AD3-7C7A-4421-94F9-89D2B5D4154F}.Debug|Any CPU.Build.0 = Release|Any CPU
		{2CE75AD3-7C7A-4421-94F9-89D2B5D4154F}.Release|Any CPU.ActiveCfg = Release|Any CPU
		{2CE75AD3-7C7A-4421-94F9-89D2B5D4154F}.Release|Any CPU.Build.0 = Release|Any CPU
		{7255AF3B-02A4-40B9-BB04-D2B7F9C69443}.Debug|Any CPU.ActiveCfg = Release|Any CPU
		{7255AF3B-02A4-40B9-BB04-D2B7F9C69443}.Debug|Any CPU.Build.0 = Release|Any CPU
		{7255AF3B-02A4-40B9-BB04-D2B7F9C69443}.Release|Any CPU.ActiveCfg = Release|Any CPU
		{7255AF3B-02A4-40B9-BB04-D2B7F9C69443}.Release|Any CPU.Build.0 = Release|Any CPU
		{FEE802C0-5EEA-46AE-87D2-CE60A0FAA588}.Debug|Any CPU.ActiveCfg = Release|Any CPU
		{FEE802C0-5EEA-46AE-87D2-CE60A0FAA588}.Debug|Any CPU.Build.0 = Release|Any CPU
		{FEE802C0-5EEA-46AE-87D2-CE60A0FAA588}.Release|Any CPU.ActiveCfg = Release|Any CPU
		{FEE802C0-5EEA-46AE-87D2-CE60A0FAA588}.Release|Any CPU.Build.0 = Release|Any CPU
	EndGlobalSection
	GlobalSection(SolutionProperties) = preSolution
		HideSolutionNode = FALSE
	EndGlobalSection
EndGlobal
